<?xml version="1.0" encoding="utf-8"?>
<Project xmlns="http://schemas.microsoft.com/developer/msbuild/2003">
  <ItemGroup>
    <Filter Include="Generated Files">
      <UniqueIdentifier>{71ED8ED8-ACB9-4CE9-BBE1-E00B30144E11}</UniqueIdentifier>
      <Extensions>cpp;c;cxx;moc;h;def;odl;idl;res;</Extensions>
    </Filter>
    <Filter Include="Generated Files">
      <UniqueIdentifier>{71ED8ED8-ACB9-4CE9-BBE1-E00B30144E11}</UniqueIdentifier>
      <Extensions>cpp;c;cxx;moc;h;def;odl;idl;res;</Extensions>
    </Filter>
    <Filter Include="Resource Files">
      <UniqueIdentifier>{D9D6E242-F8AF-46E4-B9FD-80ECBC20BA3E}</UniqueIdentifier>
      <Extensions>qrc;*</Extensions>
      <ParseFiles>false</ParseFiles>
    </Filter>
    <Filter Include="Resource Files">
      <UniqueIdentifier>{D9D6E242-F8AF-46E4-B9FD-80ECBC20BA3E}</UniqueIdentifier>
      <Extensions>qrc;*</Extensions>
      <ParseFiles>false</ParseFiles>
    </Filter>
    <Filter Include="Source Files">
      <UniqueIdentifier>{4FC737F1-C7A5-4376-A066-2A32D752A2FF}</UniqueIdentifier>
      <Extensions>cpp;c;cxx;def;odl;idl;hpj;bat;asm;asmx</Extensions>
    </Filter>
    <Filter Include="Source Files">
      <UniqueIdentifier>{4FC737F1-C7A5-4376-A066-2A32D752A2FF}</UniqueIdentifier>
      <Extensions>cpp;c;cxx;def;odl;idl;hpj;bat;asm;asmx</Extensions>
    </Filter>
    <Filter Include="Header Files">
      <UniqueIdentifier>{7c1e03ae-33c0-40dc-82d6-d0eadf3a5fc4}</UniqueIdentifier>
    </Filter>
    <Filter Include="Resource Files\UI">
      <UniqueIdentifier>{e609a98a-587a-46f3-9855-bc9ed030d85e}</UniqueIdentifier>
    </Filter>
    <Filter Include="Resource Files\UI\js">
      <UniqueIdentifier>{ae94395d-83d3-4a0b-a431-6ccfe8f8b3c0}</UniqueIdentifier>
    </Filter>
  </ItemGroup>
  <ItemGroup>
    <ClCompile Include="main.cpp">
      <Filter>Source Files</Filter>
    </ClCompile>
    <ClCompile Include="Classes\CFI_Link.cpp">
      <Filter>Source Files</Filter>
    </ClCompile>
    <ClCompile Include="Classes\CFI_Box.cpp">
      <Filter>Source Files</Filter>
    </ClCompile>
    <ClCompile Include="Classes\CFI_Page.cpp">
      <Filter>Source Files</Filter>
    </ClCompile>
    <ClCompile Include="Classes\CFI_Proxy.cpp">
      <Filter>Source Files</Filter>
    </ClCompile>
    <ClCompile Include="Classes\CFI_BoxProxy.cpp">
      <Filter>Source Files</Filter>
    </ClCompile>
    <ClCompile Include="Classes\CFI_LinkProxy.cpp">
      <Filter>Source Files</Filter>
    </ClCompile>
    <ClCompile Include="Classes\CFI_PageProxy.cpp">
      <Filter>Source Files</Filter>
    </ClCompile>
    <ClCompile Include="Classes\CFI_ProxyDictionary.cpp">
      <Filter>Source Files</Filter>
    </ClCompile>
    <ClCompile Include="Classes\CFI_Document.cpp">
      <Filter>Source Files</Filter>
    </ClCompile>
    <ClCompile Include="Classes\CFI_DocumentModel.cpp">
      <Filter>Source Files</Filter>
    </ClCompile>
    <ClCompile Include="Classes\CFI_Item.cpp">
      <Filter>Source Files</Filter>
    </ClCompile>
  </ItemGroup>
  <ItemGroup>
    <CustomBuild Include="release\moc_predefs.h.cbt">
      <Filter>Generated Files</Filter>
    </CustomBuild>
  </ItemGroup>
  <ItemGroup>
    <QtRcc Include="qml.qrc">
      <Filter>Resource Files</Filter>
    </QtRcc>
  </ItemGroup>
  <ItemGroup>
    <None Include="UI\CFI_Box.qml">
      <Filter>Resource Files\UI</Filter>
    </None>
    <None Include="UI\CFI_Connector.qml">
      <Filter>Resource Files\UI</Filter>
    </None>
    <None Include="UI\CFI_Handle.qml">
      <Filter>Resource Files\UI</Filter>
    </None>
    <None Include="UI\CFI_HandleControl.qml">
      <Filter>Resource Files\UI</Filter>
    </None>
    <None Include="UI\CFI_Link.qml">
      <Filter>Resource Files\UI</Filter>
    </None>
    <None Include="UI\CFI_Main.qml">
      <Filter>Resource Files\UI</Filter>
    </None>
    <None Include="UI\CFI_Page.qml">
      <Filter>Resource Files\UI</Filter>
    </None>
    <None Include="UI\CFI_Styles.qml">
      <Filter>Resource Files\UI</Filter>
    </None>
    <None Include="UI\qmldir">
      <Filter>Resource Files</Filter>
    </None>
    <None Include="UI\js\CFI_JSHelper.js">
      <Filter>Resource Files\UI\js</Filter>
    </None>
    <None Include="UI\CFI_Document.qml">
      <Filter>Resource Files\UI</Filter>
    </None>
  </ItemGroup>
  <ItemGroup>
    <ClInclude Include="Classes\CFI_Link.h">
      <Filter>Header Files</Filter>
    </ClInclude>
    <ClInclude Include="Classes\CFI_Box.h">
      <Filter>Header Files</Filter>
    </ClInclude>
    <ClInclude Include="Classes\CFI_Page.h">
      <Filter>Header Files</Filter>
    </ClInclude>
    <ClInclude Include="Classes\CFI_ProxyDictionary.h">
      <Filter>Header Files</Filter>
    </ClInclude>
    <ClInclude Include="Classes\CFI_Document.h">
      <Filter>Header Files</Filter>
    </ClInclude>
    <ClInclude Include="Classes\CFI_Item.h">
      <Filter>Header Files</Filter>
    </ClInclude>
  </ItemGroup>
  <ItemGroup>
    <QtMoc Include="Classes\CFI_BoxProxy.h">
      <Filter>Header Files</Filter>
    </QtMoc>
    <QtMoc Include="Classes\CFI_LinkProxy.h">
      <Filter>Header Files</Filter>
    </QtMoc>
    <QtMoc Include="Classes\CFI_PageProxy.h">
      <Filter>Header Files</Filter>
    </QtMoc>
    <QtMoc Include="Classes\CFI_Proxy.h">
      <Filter>Header Files</Filter>
    </QtMoc>
    <QtMoc Include="Classes\CFI_DocumentModel.h">
      <Filter>Header Files</Filter>
    </QtMoc>
  </ItemGroup>
</Project>